
Microsoft Visual Studio Solution File, Format Version 12.00
# Visual Studio Version 16
VisualStudioVersion = 16.0.29503.13
MinimumVisualStudioVersion = 10.0.40219.1
Project("{FAE04EC0-301F-11D3-BF4B-00C04F79EFBC}") = "spleeterPlus", "spleeterPlus\spleeterPlus.csproj", "{A757984A-BBCD-4542-98CC-353C2BD25712}"
EndProject
Global
	GlobalSection(SolutionConfigurationPlatforms) = preSolution
		Debug|Any CPU = Debug|Any CPU
		Release|Any CPU = Release|Any CPU
	EndGlobalSection
	GlobalSection(ProjectConfigurationPlatforms) = postSolution
		{A757984A-BBCD-4542-98CC-353C2BD25712}.Debug|Any CPU.ActiveCfg = Debug|Any CPU
		{A757984A-BBCD-4542-98CC-353C2BD25712}.Debug|Any CPU.Build.0 = Debug|Any CPU
		{A757984A-BBCD-4542-98CC-353C2BD25712}.Release|Any CPU.ActiveCfg = Release|Any CPU
		{A757984A-BBCD-4542-98CC-353C2BD25712}.Release|Any CPU.Build.0 = Release|Any CPU
	EndGlobalSection
	GlobalSection(SolutionProperties) = preSolution
		HideSolutionNode = FALSE
	EndGlobalSection
	GlobalSection(ExtensibilityGlobals) = postSolution
		SolutionGuid = {7C8505CF-9B96-4FA3-94D9-2472B2D3E44B}
	EndGlobalSection
EndGlobal
